Microsoft Visual Studio Solution File, Format Version 12.00
# Visual Studio Version 17
VisualStudioVersion = 17.5.2.0
MinimumVisualStudioVersion = 10.0.40219.1
Project("{2150E333-8FDC-42A3-9474-1A3956D46DE8}") = "services", "services", "{5854FF58-B8C5-05C6-5BF2-ACE42193F22B}"
EndProject
Project("{FAE04EC0-301F-11D3-BF4B-00C04F79EFBC}") = "notifications-worker", "services\notifications-worker\notifications-worker.csproj", "{B0666EE0-A223-21D5-DE42-B9BEDD8E8F32}"
EndProject
Project("{FAE04EC0-301F-11D3-BF4B-00C04F79EFBC}") = "notifications-api", "services\notifications-api\notifications-api.csproj", "{A9F7E801-B43A-6B1D-DB8E-B761BBAE4868}"
EndProject
Project("{FAE04EC0-301F-11D3-BF4B-00C04F79EFBC}") = "notifications-shared", "services\notifications-shared\notifications-shared.csproj", "{C2838533-E7DB-A0B0-B4BA-10CA10C1DC5A}"
EndProject
Global
	GlobalSection(SolutionConfigurationPlatforms) = preSolution
		Debug|Any CPU = Debug|Any CPU
		Release|Any CPU = Release|Any CPU
	EndGlobalSection
	GlobalSection(ProjectConfigurationPlatforms) = postSolution
		{B0666EE0-A223-21D5-DE42-B9BEDD8E8F32}.Debug|Any CPU.ActiveCfg = Debug|Any CPU
		{B0666EE0-A223-21D5-DE42-B9BEDD8E8F32}.Debug|Any CPU.Build.0 = Debug|Any CPU
		{B0666EE0-A223-21D5-DE42-B9BEDD8E8F32}.Release|Any CPU.ActiveCfg = Release|Any CPU
		{B0666EE0-A223-21D5-DE42-B9BEDD8E8F32}.Release|Any CPU.Build.0 = Release|Any CPU
		{A9F7E801-B43A-6B1D-DB8E-B761BBAE4868}.Debug|Any CPU.ActiveCfg = Debug|Any CPU
		{A9F7E801-B43A-6B1D-DB8E-B761BBAE4868}.Debug|Any CPU.Build.0 = Debug|Any CPU
		{A9F7E801-B43A-6B1D-DB8E-B761BBAE4868}.Release|Any CPU.ActiveCfg = Release|Any CPU
		{A9F7E801-B43A-6B1D-DB8E-B761BBAE4868}.Release|Any CPU.Build.0 = Release|Any CPU
		{C2838533-E7DB-A0B0-B4BA-10CA10C1DC5A}.Debug|Any CPU.ActiveCfg = Debug|Any CPU
		{C2838533-E7DB-A0B0-B4BA-10CA10C1DC5A}.Debug|Any CPU.Build.0 = Debug|Any CPU
		{C2838533-E7DB-A0B0-B4BA-10CA10C1DC5A}.Release|Any CPU.ActiveCfg = Release|Any CPU
		{C2838533-E7DB-A0B0-B4BA-10CA10C1DC5A}.Release|Any CPU.Build.0 = Release|Any CPU
	EndGlobalSection
	GlobalSection(SolutionProperties) = preSolution
		HideSolutionNode = FALSE
	EndGlobalSection
	GlobalSection(NestedProjects) = preSolution
		{B0666EE0-A223-21D5-DE42-B9BEDD8E8F32} = {5854FF58-B8C5-05C6-5BF2-ACE42193F22B}
		{A9F7E801-B43A-6B1D-DB8E-B761BBAE4868} = {5854FF58-B8C5-05C6-5BF2-ACE42193F22B}
		{C2838533-E7DB-A0B0-B4BA-10CA10C1DC5A} = {5854FF58-B8C5-05C6-5BF2-ACE42193F22B}
	EndGlobalSection
	GlobalSection(ExtensibilityGlobals) = postSolution
		SolutionGuid = {5BBEBCBF-9B39-45BE-8E7E-E840ECDB2762}
	EndGlobalSection
EndGlobal
